{
  "name": "node",
  "version": "1.0.0",
  "lockfileVersion": 3,
  "requires": true,
  "packages": {
    "": {
      "name": "node",
      "version": "1.0.0",
      "license": "ISC",
      "dependencies": {
        "base64-encode-file": "^1.0.7"
      }
    },
    "node_modules/base64-encode-file": {
      "version": "1.0.7",
      "resolved": "https://registry.npmjs.org/base64-encode-file/-/base64-encode-file-1.0.7.tgz",
      "integrity": "sha512-5f9xGrLRBPc6OYM+qqAbsdxjGDCdRqYnThwCmSpBGVa9JDbKochGJXyMc9ufZ+RGYJcZuh/Pt/qeroJy7jyORg=="
    }
  }
}
